// !$*UTF8*$!
{
	archiveVersion = 1;
	classes = {
	};
	objectVersion = 50;
	objects = {

/* Begin PBXBuildFile section */
		858001E1234AA65E00D5B4E2 /* AppDelegate.swift in Sources */ = {isa = PBXBuildFile; fileRef = 858001E0234AA65E00D5B4E2 /* AppDelegate.swift */; };
		858001E3234AA65E00D5B4E2 /* SceneDelegate.swift in Sources */ = {isa = PBXBuildFile; fileRef = 858001E2234AA65E00D5B4E2 /* SceneDelegate.swift */; };
		858001E8234AA65E00D5B4E2 /* Main.storyboard in Resources */ = {isa = PBXBuildFile; fileRef = 858001E6234AA65E00D5B4E2 /* Main.storyboard */; };
		858001EA234AA66100D5B4E2 /* Assets.xcassets in Resources */ = {isa = PBXBuildFile; fileRef = 858001E9234AA66100D5B4E2 /* Assets.xcassets */; };
		858001ED234AA66100D5B4E2 /* LaunchScreen.storyboard in Resources */ = {isa = PBXBuildFile; fileRef = 858001EB234AA66100D5B4E2 /* LaunchScreen.storyboard */; };
		858001F6234AA74900D5B4E2 /* PhotoListViewController.swift in Sources */ = {isa = PBXBuildFile; fileRef = 858001F5234AA74900D5B4E2 /* PhotoListViewController.swift */; };
		858001F9234AA7EB00D5B4E2 /* PhotoRecord.swift in Sources */ = {isa = PBXBuildFile; fileRef = 858001F8234AA7EB00D5B4E2 /* PhotoRecord.swift */; };
		858001FC234AAA8100D5B4E2 /* Result.swift in Sources */ = {isa = PBXBuildFile; fileRef = 858001FB234AAA8100D5B4E2 /* Result.swift */; };
		858001FE234AAAF800D5B4E2 /* DataResponseError.swift in Sources */ = {isa = PBXBuildFile; fileRef = 858001FD234AAAF800D5B4E2 /* DataResponseError.swift */; };
		85800201234AABDC00D5B4E2 /* String+Extension.swift in Sources */ = {isa = PBXBuildFile; fileRef = 85800200234AABDC00D5B4E2 /* String+Extension.swift */; };
		85800203234AAC4B00D5B4E2 /* HTTPURLResponse+Extension.swift in Sources */ = {isa = PBXBuildFile; fileRef = 85800202234AAC4B00D5B4E2 /* HTTPURLResponse+Extension.swift */; };
		85800207234AB85300D5B4E2 /* PhotoDataProvider.swift in Sources */ = {isa = PBXBuildFile; fileRef = 85800206234AB85300D5B4E2 /* PhotoDataProvider.swift */; };
		8580020A234ABD3D00D5B4E2 /* PhotoListViewModel.swift in Sources */ = {isa = PBXBuildFile; fileRef = 85800209234ABD3D00D5B4E2 /* PhotoListViewModel.swift */; };
		8580020C234AC41400D5B4E2 /* PhotoOperations.swift in Sources */ = {isa = PBXBuildFile; fileRef = 8580020B234AC41400D5B4E2 /* PhotoOperations.swift */; };
/* End PBXBuildFile section */

/* Begin PBXFileReference section */
		858001DD234AA65E00D5B4E2 /* ClassicPhotos.app */ = {isa = PBXFileReference; explicitFileType = wrapper.application; includeInIndex = 0; path = ClassicPhotos.app; sourceTree = BUILT_PRODUCTS_DIR; };
		858001E0234AA65E00D5B4E2 /* AppDelegate.swift */ = {isa = PBXFileReference; lastKnownFileType = sourcecode.swift; path = AppDelegate.swift; sourceTree = "<group>"; };
		858001E2234AA65E00D5B4E2 /* SceneDelegate.swift */ = {isa = PBXFileReference; lastKnownFileType = sourcecode.swift; path = SceneDelegate.swift; sourceTree = "<group>"; };
		858001E7234AA65E00D5B4E2 /* Base */ = {isa = PBXFileReference; lastKnownFileType = file.storyboard; name = Base; path = Base.lproj/Main.storyboard; sourceTree = "<group>"; };
		858001E9234AA66100D5B4E2 /* Assets.xcassets */ = {isa = PBXFileReference; lastKnownFileType = folder.assetcatalog; path = Assets.xcassets; sourceTree = "<group>"; };
		858001EC234AA66100D5B4E2 /* Base */ = {isa = PBXFileReference; lastKnownFileType = file.storyboard; name = Base; path = Base.lproj/LaunchScreen.storyboard; sourceTree = "<group>"; };
		858001EE234AA66100D5B4E2 /* Info.plist */ = {isa = PBXFileReference; lastKnownFileType = text.plist.xml; path = Info.plist; sourceTree = "<group>"; };
		858001F5234AA74900D5B4E2 /* PhotoListViewController.swift */ = {isa = PBXFileReference; lastKnownFileType = sourcecode.swift; path = PhotoListViewController.swift; sourceTree = "<group>"; };
		858001F8234AA7EB00D5B4E2 /* PhotoRecord.swift */ = {isa = PBXFileReference; lastKnownFileType = sourcecode.swift; path = PhotoRecord.swift; sourceTree = "<group>"; };
		858001FB234AAA8100D5B4E2 /* Result.swift */ = {isa = PBXFileReference; lastKnownFileType = sourcecode.swift; path = Result.swift; sourceTree = "<group>"; };
		858001FD234AAAF800D5B4E2 /* DataResponseError.swift */ = {isa = PBXFileReference; lastKnownFileType = sourcecode.swift; path = DataResponseError.swift; sourceTree = "<group>"; };
		85800200234AABDC00D5B4E2 /* String+Extension.swift */ = {isa = PBXFileReference; lastKnownFileType = sourcecode.swift; path = "String+Extension.swift"; sourceTree = "<group>"; };
		85800202234AAC4B00D5B4E2 /* HTTPURLResponse+Extension.swift */ = {isa = PBXFileReference; lastKnownFileType = sourcecode.swift; path = "HTTPURLResponse+Extension.swift"; sourceTree = "<group>"; };
		85800206234AB85300D5B4E2 /* PhotoDataProvider.swift */ = {isa = PBXFileReference; lastKnownFileType = sourcecode.swift; path = PhotoDataProvider.swift; sourceTree = "<group>"; };
		85800209234ABD3D00D5B4E2 /* PhotoListViewModel.swift */ = {isa = PBXFileReference; lastKnownFileType = sourcecode.swift; path = PhotoListViewModel.swift; sourceTree = "<group>"; };
		8580020B234AC41400D5B4E2 /* PhotoOperations.swift */ = {isa = PBXFileReference; fileEncoding = 4; lastKnownFileType = sourcecode.swift; path = PhotoOperations.swift; sourceTree = "<group>"; };
/* End PBXFileReference section */

/* Begin PBXFrameworksBuildPhase section */
		858001DA234AA65E00D5B4E2 /* Frameworks */ = {
			isa = PBXFrameworksBuildPhase;
			buildActionMask = 2147483647;
			files = (
			);
			runOnlyForDeploymentPostprocessing = 0;
		};
/* End PBXFrameworksBuildPhase section */

/* Begin PBXGroup section */
		858001D4234AA65E00D5B4E2 = {
			isa = PBXGroup;
			children = (
				858001DF234AA65E00D5B4E2 /* ClassicPhotos */,
				858001DE234AA65E00D5B4E2 /* Products */,
			);
			sourceTree = "<group>";
		};
		858001DE234AA65E00D5B4E2 /* Products */ = {
			isa = PBXGroup;
			children = (
				858001DD234AA65E00D5B4E2 /* ClassicPhotos.app */,
			);
			name = Products;
			sourceTree = "<group>";
		};
		858001DF234AA65E00D5B4E2 /* ClassicPhotos */ = {
			isa = PBXGroup;
			children = (
				85800208234ABD2800D5B4E2 /* ViewModels */,
				858001FF234AABC200D5B4E2 /* Extensions */,
				858001FA234AAA5300D5B4E2 /* Networking */,
				858001F7234AA7C900D5B4E2 /* Models */,
				858001F4234AA70800D5B4E2 /* Controllers */,
				858001E0234AA65E00D5B4E2 /* AppDelegate.swift */,
				858001E2234AA65E00D5B4E2 /* SceneDelegate.swift */,
				858001E6234AA65E00D5B4E2 /* Main.storyboard */,
				858001E9234AA66100D5B4E2 /* Assets.xcassets */,
				858001EB234AA66100D5B4E2 /* LaunchScreen.storyboard */,
				858001EE234AA66100D5B4E2 /* Info.plist */,
			);
			path = ClassicPhotos;
			sourceTree = "<group>";
		};
		858001F4234AA70800D5B4E2 /* Controllers */ = {
			isa = PBXGroup;
			children = (
				858001F5234AA74900D5B4E2 /* PhotoListViewController.swift */,
			);
			path = Controllers;
			sourceTree = "<group>";
		};
		858001F7234AA7C900D5B4E2 /* Models */ = {
			isa = PBXGroup;
			children = (
				858001F8234AA7EB00D5B4E2 /* PhotoRecord.swift */,
			);
			path = Models;
			sourceTree = "<group>";
		};
		858001FA234AAA5300D5B4E2 /* Networking */ = {
			isa = PBXGroup;
			children = (
				858001FB234AAA8100D5B4E2 /* Result.swift */,
				858001FD234AAAF800D5B4E2 /* DataResponseError.swift */,
				8580020B234AC41400D5B4E2 /* PhotoOperations.swift */,
				85800206234AB85300D5B4E2 /* PhotoDataProvider.swift */,
			);
			path = Networking;
			sourceTree = "<group>";
		};
		858001FF234AABC200D5B4E2 /* Extensions */ = {
			isa = PBXGroup;
			children = (
				85800200234AABDC00D5B4E2 /* String+Extension.swift */,
				85800202234AAC4B00D5B4E2 /* HTTPURLResponse+Extension.swift */,
			);
			path = Extensions;
			sourceTree = "<group>";
		};
		85800208234ABD2800D5B4E2 /* ViewModels */ = {
			isa = PBXGroup;
			children = (
				85800209234ABD3D00D5B4E2 /* PhotoListViewModel.swift */,
			);
			path = ViewModels;
			sourceTree = "<group>";
		};
/* End PBXGroup section */

/* Begin PBXNativeTarget section */
		858001DC234AA65E00D5B4E2 /* ClassicPhotos */ = {
			isa = PBXNativeTarget;
			buildConfigurationList = 858001F1234AA66100D5B4E2 /* Build configuration list for PBXNativeTarget "ClassicPhotos" */;
			buildPhases = (
				858001D9234AA65E00D5B4E2 /* Sources */,
				858001DA234AA65E00D5B4E2 /* Frameworks */,
				858001DB234AA65E00D5B4E2 /* Resources */,
			);
			buildRules = (
			);
			dependencies = (
			);
			name = ClassicPhotos;
			productName = ClassicPhotos;
			productReference = 858001DD234AA65E00D5B4E2 /* ClassicPhotos.app */;
			productType = "com.apple.product-type.application";
		};
/* End PBXNativeTarget section */

/* Begin PBXProject section */
		858001D5234AA65E00D5B4E2 /* Project object */ = {
			isa = PBXProject;
			attributes = {
				LastSwiftUpdateCheck = 1100;
				LastUpgradeCheck = 1100;
				ORGANIZATIONNAME = "Xinbo Wu";
				TargetAttributes = {
					858001DC234AA65E00D5B4E2 = {
						CreatedOnToolsVersion = 11.0;
					};
				};
			};
			buildConfigurationList = 858001D8234AA65E00D5B4E2 /* Build configuration list for PBXProject "ClassicPhotos" */;
			compatibilityVersion = "Xcode 9.3";
			developmentRegion = en;
			hasScannedForEncodings = 0;
			knownRegions = (
				en,
				Base,
			);
			mainGroup = 858001D4234AA65E00D5B4E2;
			productRefGroup = 858001DE234AA65E00D5B4E2 /* Products */;
			projectDirPath = "";
			projectRoot = "";
			targets = (
				858001DC234AA65E00D5B4E2 /* ClassicPhotos */,
			);
		};
/* End PBXProject section */

/* Begin PBXResourcesBuildPhase section */
		858001DB234AA65E00D5B4E2 /* Resources */ = {
			isa = PBXResourcesBuildPhase;
			buildActionMask = 2147483647;
			files = (
				858001ED234AA66100D5B4E2 /* LaunchScreen.storyboard in Resources */,
				858001EA234AA66100D5B4E2 /* Assets.xcassets in Resources */,
				858001E8234AA65E00D5B4E2 /* Main.storyboard in Resources */,
			);
			runOnlyForDeploymentPostprocessing = 0;
		};
/* End PBXResourcesBuildPhase section */

/* Begin PBXSourcesBuildPhase section */
		858001D9234AA65E00D5B4E2 /* Sources */ = {
			isa = PBXSourcesBuildPhase;
			buildActionMask = 2147483647;
			files = (
				858001E1234AA65E00D5B4E2 /* AppDelegate.swift in Sources */,
				85800201234AABDC00D5B4E2 /* String+Extension.swift in Sources */,
				8580020C234AC41400D5B4E2 /* PhotoOperations.swift in Sources */,
				858001FE234AAAF800D5B4E2 /* DataResponseError.swift in Sources */,
				8580020A234ABD3D00D5B4E2 /* PhotoListViewModel.swift in Sources */,
				85800207234AB85300D5B4E2 /* PhotoDataProvider.swift in Sources */,
				858001FC234AAA8100D5B4E2 /* Result.swift in Sources */,
				85800203234AAC4B00D5B4E2 /* HTTPURLResponse+Extension.swift in Sources */,
				858001F9234AA7EB00D5B4E2 /* PhotoRecord.swift in Sources */,
				858001E3234AA65E00D5B4E2 /* SceneDelegate.swift in Sources */,
				858001F6234AA74900D5B4E2 /* PhotoListViewController.swift in Sources */,
			);
			runOnlyForDeploymentPostprocessing = 0;
		};
/* End PBXSourcesBuildPhase section */

/* Begin PBXVariantGroup section */
		858001E6234AA65E00D5B4E2 /* Main.storyboard */ = {
			isa = PBXVariantGroup;
			children = (
				858001E7234AA65E00D5B4E2 /* Base */,
			);
			name = Main.storyboard;
			sourceTree = "<group>";
		};
		858001EB234AA66100D5B4E2 /* LaunchScreen.storyboard */ = {
			isa = PBXVariantGroup;
			children = (
				858001EC234AA66100D5B4E2 /* Base */,
			);
			name = LaunchScreen.storyboard;
			sourceTree = "<group>";
		};
/* End PBXVariantGroup section */

/* Begin XCBuildConfiguration section */
		858001EF234AA66100D5B4E2 /* Debug */ = {
			isa = XCBuildConfiguration;
			buildSettings = {
				ALWAYS_SEARCH_USER_PATHS = NO;
				CLANG_ANALYZER_NONNULL = YES;
				CLANG_ANALYZER_NUMBER_OBJECT_CONVERSION = YES_AGGRESSIVE;
				CLANG_CXX_LANGUAGE_STANDARD = "gnu++14";
				CLANG_CXX_LIBRARY = "libc++";
				CLANG_ENABLE_MODULES = YES;
				CLANG_ENABLE_OBJC_ARC = YES;
				CLANG_ENABLE_OBJC_WEAK = YES;
				CLANG_WARN_BLOCK_CAPTURE_AUTORELEASING = YES;
				CLANG_WARN_BOOL_CONVERSION = YES;
				CLANG_WARN_COMMA = YES;
				CLANG_WARN_CONSTANT_CONVERSION = YES;
				CLANG_WARN_DEPRECATED_OBJC_IMPLEMENTATIONS = YES;
				CLANG_WARN_DIRECT_OBJC_ISA_USAGE = YES_ERROR;
				CLANG_WARN_DOCUMENTATION_COMMENTS = YES;
				CLANG_WARN_EMPTY_BODY = YES;
				CLANG_WARN_ENUM_CONVERSION = YES;
				CLANG_WARN_INFINITE_RECURSION = YES;
				CLANG_WARN_INT_CONVERSION = YES;
				CLANG_WARN_NON_LITERAL_NULL_CONVERSION = YES;
				CLANG_WARN_OBJC_IMPLICIT_RETAIN_SELF = YES;
				CLANG_WARN_OBJC_LITERAL_CONVERSION = YES;
				CLANG_WARN_OBJC_ROOT_CLASS = YES_ERROR;
				CLANG_WARN_RANGE_LOOP_ANALYSIS = YES;
				CLANG_WARN_STRICT_PROTOTYPES = YES;
				CLANG_WARN_SUSPICIOUS_MOVE = YES;
				CLANG_WARN_UNGUARDED_AVAILABILITY = YES_AGGRESSIVE;
				CLANG_WARN_UNREACHABLE_CODE = YES;
				CLANG_WARN__DUPLICATE_METHOD_MATCH = YES;
				COPY_PHASE_STRIP = NO;
				DEBUG_INFORMATION_FORMAT = dwarf;
				ENABLE_STRICT_OBJC_MSGSEND = YES;
				ENABLE_TESTABILITY = YES;
				GCC_C_LANGUAGE_STANDARD = gnu11;
				GCC_DYNAMIC_NO_PIC = NO;
				GCC_NO_COMMON_BLOCKS = YES;
				GCC_OPTIMIZATION_LEVEL = 0;
				GCC_PREPROCESSOR_DEFINITIONS = (
					"DEBUG=1",
					"$(inherited)",
				);
				GCC_WARN_64_TO_32_BIT_CONVERSION = YES;
				GCC_WARN_ABOUT_RETURN_TYPE = YES_ERROR;
				GCC_WARN_UNDECLARED_SELECTOR = YES;
				GCC_WARN_UNINITIALIZED_AUTOS = YES_AGGRESSIVE;
				GCC_WARN_UNUSED_FUNCTION = YES;
				GCC_WARN_UNUSED_VARIABLE = YES;
				IPHONEOS_DEPLOYMENT_TARGET = 13.0;
				MTL_ENABLE_DEBUG_INFO = INCLUDE_SOURCE;
				MTL_FAST_MATH = YES;
				ONLY_ACTIVE_ARCH = YES;
				SDKROOT = iphoneos;
				SWIFT_ACTIVE_COMPILATION_CONDITIONS = DEBUG;
				SWIFT_OPTIMIZATION_LEVEL = "-Onone";
			};
			name = Debug;
		};
		858001F0234AA66100D5B4E2 /* Release */ = {
			isa = XCBuildConfiguration;
			buildSettings = {
				ALWAYS_SEARCH_USER_PATHS = NO;
				CLANG_ANALYZER_NONNULL = YES;
				CLANG_ANALYZER_NUMBER_OBJECT_CONVERSION = YES_AGGRESSIVE;
				CLANG_CXX_LANGUAGE_STANDARD = "gnu++14";
				CLANG_CXX_LIBRARY = "libc++";
				CLANG_ENABLE_MODULES = YES;
				CLANG_ENABLE_OBJC_ARC = YES;
				CLANG_ENABLE_OBJC_WEAK = YES;
				CLANG_WARN_BLOCK_CAPTURE_AUTORELEASING = YES;
				CLANG_WARN_BOOL_CONVERSION = YES;
				CLANG_WARN_COMMA = YES;
				CLANG_WARN_CONSTANT_CONVERSION = YES;
				CLANG_WARN_DEPRECATED_OBJC_IMPLEMENTATIONS = YES;
				CLANG_WARN_DIRECT_OBJC_ISA_USAGE = YES_ERROR;
				CLANG_WARN_DOCUMENTATION_COMMENTS = YES;
				CLANG_WARN_EMPTY_BODY = YES;
				CLANG_WARN_ENUM_CONVERSION = YES;
				CLANG_WARN_INFINITE_RECURSION = YES;
				CLANG_WARN_INT_CONVERSION = YES;
				CLANG_WARN_NON_LITERAL_NULL_CONVERSION = YES;
				CLANG_WARN_OBJC_IMPLICIT_RETAIN_SELF = YES;
				CLANG_WARN_OBJC_LITERAL_CONVERSION = YES;
				CLANG_WARN_OBJC_ROOT_CLASS = YES_ERROR;
				CLANG_WARN_RANGE_LOOP_ANALYSIS = YES;
				CLANG_WARN_STRICT_PROTOTYPES = YES;
				CLANG_WARN_SUSPICIOUS_MOVE = YES;
				CLANG_WARN_UNGUARDED_AVAILABILITY = YES_AGGRESSIVE;
				CLANG_WARN_UNREACHABLE_CODE = YES;
				CLANG_WARN__DUPLICATE_METHOD_MATCH = YES;
				COPY_PHASE_STRIP = NO;
				DEBUG_INFORMATION_FORMAT = "dwarf-with-dsym";
				ENABLE_NS_ASSERTIONS = NO;
				ENABLE_STRICT_OBJC_MSGSEND = YES;
				GCC_C_LANGUAGE_STANDARD = gnu11;
				GCC_NO_COMMON_BLOCKS = YES;
				GCC_WARN_64_TO_32_BIT_CONVERSION = YES;
				GCC_WARN_ABOUT_RETURN_TYPE = YES_ERROR;
				GCC_WARN_UNDECLARED_SELECTOR = YES;
				GCC_WARN_UNINITIALIZED_AUTOS = YES_AGGRESSIVE;
				GCC_WARN_UNUSED_FUNCTION = YES;
				GCC_WARN_UNUSED_VARIABLE = YES;
				IPHONEOS_DEPLOYMENT_TARGET = 13.0;
				MTL_ENABLE_DEBUG_INFO = NO;
				MTL_FAST_MATH = YES;
				SDKROOT = iphoneos;
				SWIFT_COMPILATION_MODE = wholemodule;
				SWIFT_OPTIMIZATION_LEVEL = "-O";
				VALIDATE_PRODUCT = YES;
			};
			name = Release;
		};
		858001F2234AA66100D5B4E2 /* Debug */ = {
			isa = XCBuildConfiguration;
			buildSettings = {
				ASSETCATALOG_COMPILER_APPICON_NAME = AppIcon;
				CODE_SIGN_STYLE = Automatic;
				DEVELOPMENT_TEAM = 74PB88HF2B;
				INFOPLIST_FILE = ClassicPhotos/Info.plist;
				LD_RUNPATH_SEARCH_PATHS = (
					"$(inherited)",
					"@executable_path/Frameworks",
				);
				PRODUCT_BUNDLE_IDENTIFIER = com.fiberlink.ios.exercise.ClassicPhotos;
				PRODUCT_NAME = "$(TARGET_NAME)";
				SWIFT_VERSION = 5.0;
				TARGETED_DEVICE_FAMILY = "1,2";
			};
			name = Debug;
		};
		858001F3234AA66100D5B4E2 /* Release */ = {
			isa = XCBuildConfiguration;
			buildSettings = {
				ASSETCATALOG_COMPILER_APPICON_NAME = AppIcon;
				CODE_SIGN_STYLE = Automatic;
				DEVELOPMENT_TEAM = 74PB88HF2B;
				INFOPLIST_FILE = ClassicPhotos/Info.plist;
				LD_RUNPATH_SEARCH_PATHS = (
					"$(inherited)",
					"@executable_path/Frameworks",
				);
				PRODUCT_BUNDLE_IDENTIFIER = com.fiberlink.ios.exercise.ClassicPhotos;
				PRODUCT_NAME = "$(TARGET_NAME)";
				SWIFT_VERSION = 5.0;
				TARGETED_DEVICE_FAMILY = "1,2";
			};
			name = Release;
		};
/* End XCBuildConfiguration section */

/* Begin XCConfigurationList section */
		858001D8234AA65E00D5B4E2 /* Build configuration list for PBXProject "ClassicPhotos" */ = {
			isa = XCConfigurationList;
			buildConfigurations = (
				858001EF234AA66100D5B4E2 /* Debug */,
				858001F0234AA66100D5B4E2 /* Release */,
			);
			defaultConfigurationIsVisible = 0;
			defaultConfigurationName = Release;
		};
		858001F1234AA66100D5B4E2 /* Build configuration list for PBXNativeTarget "ClassicPhotos" */ = {
			isa = XCConfigurationList;
			buildConfigurations = (
				858001F2234AA66100D5B4E2 /* Debug */,
				858001F3234AA66100D5B4E2 /* Release */,
			);
			defaultConfigurationIsVisible = 0;
			defaultConfigurationName = Release;
		};
/* End XCConfigurationList section */
	};
	rootObject = 858001D5234AA65E00D5B4E2 /* Project object */;
}
